
Microsoft Visual Studio Solution File, Format Version 12.00
# Visual Studio 14
VisualStudioVersion = 14.0.23107.0
MinimumVisualStudioVersion = 10.0.40219.1
Project("{2150E333-8FDC-42A3-9474-1A3956D46DE8}") = "Externals", "Externals", "{1AC7DE1C-D952-4E6B-9775-CBF1CB76D779}"
EndProject
Project("{FAE04EC0-301F-11D3-BF4B-00C04F79EFBC}") = "LeatherheadCompWeb", "LeatherheadCompWeb\LeatherheadCompWeb.csproj", "{AFD95C5E-D14C-40F8-879C-273ABDEC4094}"
EndProject
Project("{FAE04EC0-301F-11D3-BF4B-00C04F79EFBC}") = "LeatherheadCompDataXml", "..\LeatherheadCompDataXml\LeatherheadCompDataXml\LeatherheadCompDataXml.csproj", "{0F3A6332-57B3-46CB-93D6-3ABA1D3316F8}"
EndProject
Global
	GlobalSection(SolutionConfigurationPlatforms) = preSolution
		Debug|Any CPU = Debug|Any CPU
		Release|Any CPU = Release|Any CPU
	EndGlobalSection
	GlobalSection(ProjectConfigurationPlatforms) = postSolution
		{AFD95C5E-D14C-40F8-879C-273ABDEC4094}.Debug|Any CPU.ActiveCfg = Debug|Any CPU
		{AFD95C5E-D14C-40F8-879C-273ABDEC4094}.Debug|Any CPU.Build.0 = Debug|Any CPU
		{AFD95C5E-D14C-40F8-879C-273ABDEC4094}.Release|Any CPU.ActiveCfg = Release|Any CPU
		{AFD95C5E-D14C-40F8-879C-273ABDEC4094}.Release|Any CPU.Build.0 = Release|Any CPU
		{0F3A6332-57B3-46CB-93D6-3ABA1D3316F8}.Debug|Any CPU.ActiveCfg = Debug|Any CPU
		{0F3A6332-57B3-46CB-93D6-3ABA1D3316F8}.Debug|Any CPU.Build.0 = Debug|Any CPU
		{0F3A6332-57B3-46CB-93D6-3ABA1D3316F8}.Release|Any CPU.ActiveCfg = Release|Any CPU
		{0F3A6332-57B3-46CB-93D6-3ABA1D3316F8}.Release|Any CPU.Build.0 = Release|Any CPU
	EndGlobalSection
	GlobalSection(SolutionProperties) = preSolution
		HideSolutionNode = FALSE
	EndGlobalSection
	GlobalSection(NestedProjects) = preSolution
		{0F3A6332-57B3-46CB-93D6-3ABA1D3316F8} = {1AC7DE1C-D952-4E6B-9775-CBF1CB76D779}
	EndGlobalSection
EndGlobal
